
Microsoft Visual Studio Solution File, Format Version 12.00
# Visual Studio 15
Project("{FAE04EC0-301F-11D3-BF4B-00C04F79EFBC}") = "UnityEngine.UI", "UnityEngine.UI.csproj", "{AA793DB9-CD98-AC48-4A29-18A0B0CDB66B}"
EndProject
Project("{FAE04EC0-301F-11D3-BF4B-00C04F79EFBC}") = "Assembly-CSharp", "Assembly-CSharp.csproj", "{C1E2F5F6-F88B-E442-F084-55E00A38EE62}"
EndProject
Project("{FAE04EC0-301F-11D3-BF4B-00C04F79EFBC}") = "Unity.2D.Tilemap.Editor", "Unity.2D.Tilemap.Editor.csproj", "{EE609384-B7FA-04AF-106A-BF1CD2172069}"
EndProject
Project("{FAE04EC0-301F-11D3-BF4B-00C04F79EFBC}") = "Unity.2D.Sprite.Editor", "Unity.2D.Sprite.Editor.csproj", "{E5C7769A-352B-9070-AF42-0A8BC11ACBA2}"
EndProject
Project("{FAE04EC0-301F-11D3-BF4B-00C04F79EFBC}") = "UnityEditor.UI", "UnityEditor.UI.csproj", "{D74C50D6-C140-38AC-4183-B2734A92C09D}"
EndProject
Project("{FAE04EC0-301F-11D3-BF4B-00C04F79EFBC}") = "UnityEngine.UI", "UnityEngine.UI.Player.csproj", "{A569D9D7-2733-0E85-FA2A-9328C0236677}"
EndProject
Project("{FAE04EC0-301F-11D3-BF4B-00C04F79EFBC}") = "Assembly-CSharp", "Assembly-CSharp.Player.csproj", "{E6AB1E5B-873C-F364-9F24-BA51DB0E911D}"
EndProject
Global
	GlobalSection(SolutionConfigurationPlatforms) = preSolution
		Debug|Any CPU = Debug|Any CPU
		Release|Any CPU = Release|Any CPU
	EndGlobalSection
	GlobalSection(ProjectConfigurationPlatforms) = postSolution
		{AA793DB9-CD98-AC48-4A29-18A0B0CDB66B}.Debug|Any CPU.ActiveCfg = Debug|Any CPU
		{AA793DB9-CD98-AC48-4A29-18A0B0CDB66B}.Debug|Any CPU.Build.0 = Debug|Any CPU
		{AA793DB9-CD98-AC48-4A29-18A0B0CDB66B}.Release|Any CPU.ActiveCfg = Release|Any CPU
		{AA793DB9-CD98-AC48-4A29-18A0B0CDB66B}.Release|Any CPU.Build.0 = Release|Any CPU
		{C1E2F5F6-F88B-E442-F084-55E00A38EE62}.Debug|Any CPU.ActiveCfg = Debug|Any CPU
		{C1E2F5F6-F88B-E442-F084-55E00A38EE62}.Debug|Any CPU.Build.0 = Debug|Any CPU
		{C1E2F5F6-F88B-E442-F084-55E00A38EE62}.Release|Any CPU.ActiveCfg = Release|Any CPU
		{C1E2F5F6-F88B-E442-F084-55E00A38EE62}.Release|Any CPU.Build.0 = Release|Any CPU
		{EE609384-B7FA-04AF-106A-BF1CD2172069}.Debug|Any CPU.ActiveCfg = Debug|Any CPU
		{EE609384-B7FA-04AF-106A-BF1CD2172069}.Debug|Any CPU.Build.0 = Debug|Any CPU
		{EE609384-B7FA-04AF-106A-BF1CD2172069}.Release|Any CPU.ActiveCfg = Release|Any CPU
		{EE609384-B7FA-04AF-106A-BF1CD2172069}.Release|Any CPU.Build.0 = Release|Any CPU
		{E5C7769A-352B-9070-AF42-0A8BC11ACBA2}.Debug|Any CPU.ActiveCfg = Debug|Any CPU
		{E5C7769A-352B-9070-AF42-0A8BC11ACBA2}.Debug|Any CPU.Build.0 = Debug|Any CPU
		{E5C7769A-352B-9070-AF42-0A8BC11ACBA2}.Release|Any CPU.ActiveCfg = Release|Any CPU
		{E5C7769A-352B-9070-AF42-0A8BC11ACBA2}.Release|Any CPU.Build.0 = Release|Any CPU
		{D74C50D6-C140-38AC-4183-B2734A92C09D}.Debug|Any CPU.ActiveCfg = Debug|Any CPU
		{D74C50D6-C140-38AC-4183-B2734A92C09D}.Debug|Any CPU.Build.0 = Debug|Any CPU
		{D74C50D6-C140-38AC-4183-B2734A92C09D}.Release|Any CPU.ActiveCfg = Release|Any CPU
		{D74C50D6-C140-38AC-4183-B2734A92C09D}.Release|Any CPU.Build.0 = Release|Any CPU
		{A569D9D7-2733-0E85-FA2A-9328C0236677}.Debug|Any CPU.ActiveCfg = Debug|Any CPU
		{A569D9D7-2733-0E85-FA2A-9328C0236677}.Debug|Any CPU.Build.0 = Debug|Any CPU
		{A569D9D7-2733-0E85-FA2A-9328C0236677}.Release|Any CPU.ActiveCfg = Release|Any CPU
		{A569D9D7-2733-0E85-FA2A-9328C0236677}.Release|Any CPU.Build.0 = Release|Any CPU
		{E6AB1E5B-873C-F364-9F24-BA51DB0E911D}.Debug|Any CPU.ActiveCfg = Debug|Any CPU
		{E6AB1E5B-873C-F364-9F24-BA51DB0E911D}.Debug|Any CPU.Build.0 = Debug|Any CPU
		{E6AB1E5B-873C-F364-9F24-BA51DB0E911D}.Release|Any CPU.ActiveCfg = Release|Any CPU
		{E6AB1E5B-873C-F364-9F24-BA51DB0E911D}.Release|Any CPU.Build.0 = Release|Any CPU
	EndGlobalSection
	GlobalSection(SolutionProperties) = preSolution
		HideSolutionNode = FALSE
	EndGlobalSection
EndGlobal
